
Microsoft Visual Studio Solution File, Format Version 12.00
# Visual Studio 15
VisualStudioVersion = 15.0.28010.2050
MinimumVisualStudioVersion = 10.0.40219.1
Project("{FAE04EC0-301F-11D3-BF4B-00C04F79EFBC}") = "SimpleSendGmail", "WpfApplication3\SimpleSendGmail.csproj", "{78177DB9-560A-4172-A0CC-99E8E5B233FB}"
EndProject
Global
	GlobalSection(SolutionConfigurationPlatforms) = preSolution
		Debug|Any CPU = Debug|Any CPU
		Release|Any CPU = Release|Any CPU
	EndGlobalSection
	GlobalSection(ProjectConfigurationPlatforms) = postSolution
		{78177DB9-560A-4172-A0CC-99E8E5B233FB}.Debug|Any CPU.ActiveCfg = Debug|Any CPU
		{78177DB9-560A-4172-A0CC-99E8E5B233FB}.Debug|Any CPU.Build.0 = Debug|Any CPU
		{78177DB9-560A-4172-A0CC-99E8E5B233FB}.Release|Any CPU.ActiveCfg = Release|Any CPU
		{78177DB9-560A-4172-A0CC-99E8E5B233FB}.Release|Any CPU.Build.0 = Release|Any CPU
	EndGlobalSection
	GlobalSection(SolutionProperties) = preSolution
		HideSolutionNode = FALSE
	EndGlobalSection
	GlobalSection(ExtensibilityGlobals) = postSolution
		SolutionGuid = {90648C7B-A9DF-4121-84E2-DD20C300CA2B}
	EndGlobalSection
EndGlobal
